
Microsoft Visual Studio Solution File, Format Version 12.00
# Visual Studio Version 17
VisualStudioVersion = 17.13.35919.96 d17.13
MinimumVisualStudioVersion = 10.0.40219.1
Project("{FAE04EC0-301F-11D3-BF4B-00C04F79EFBC}") = "ABN_Test", "ABN_Test.csproj", "{3DAD2E2E-FAAD-47E4-A1B4-E8EDEDD39671}"
EndProject
Global
	GlobalSection(SolutionConfigurationPlatforms) = preSolution
		Debug|Any CPU = Debug|Any CPU
		Release|Any CPU = Release|Any CPU
	EndGlobalSection
	GlobalSection(ProjectConfigurationPlatforms) = postSolution
		{3DAD2E2E-FAAD-47E4-A1B4-E8EDEDD39671}.Debug|Any CPU.ActiveCfg = Debug|Any CPU
		{3DAD2E2E-FAAD-47E4-A1B4-E8EDEDD39671}.Debug|Any CPU.Build.0 = Debug|Any CPU
		{3DAD2E2E-FAAD-47E4-A1B4-E8EDEDD39671}.Release|Any CPU.ActiveCfg = Release|Any CPU
		{3DAD2E2E-FAAD-47E4-A1B4-E8EDEDD39671}.Release|Any CPU.Build.0 = Release|Any CPU
	EndGlobalSection
	GlobalSection(SolutionProperties) = preSolution
		HideSolutionNode = FALSE
	EndGlobalSection
	GlobalSection(ExtensibilityGlobals) = postSolution
		SolutionGuid = {F775F185-52B2-421A-A20E-E62CA6A1865D}
	EndGlobalSection
EndGlobal
